github.com/emersion/go-sasl v0.0.0-20190704090222-36b50694675c/go.mod h1:G/dpzLu16WtQpBfQ/z3LYiYJn3ZhKSGWn83fyoyQe/k=
github.com/emersion/go-sasl v0.0.0-20191210011802-430746ea8b9b h1:uhWtEWBHgop1rqEk2klKaxPAkVDCXexai6hSuRQ7Nvs=
github.com/emersion/go-sasl v0.0.0-20191210011802-430746ea8b9b/go.mod h1:G/dpzLu16WtQpBfQ/z3LYiYJn3ZhKSGWn83fyoyQe/k=
github.com/emersion/go-smtp v0.12.0 h1:uo4pWTlHsdbkljojOwNRwzMFh/yKIbe/WRwjQ8JMYrg=
github.com/emersion/go-smtp v0.12.0/go.mod h1:nJgxVrypNWIDhN0BJl0Hb+S61RQ9ZEFt6V/y0kpsZyQ=
